
Microsoft Visual Studio Solution File, Format Version 12.00
# Visual Studio Version 17
VisualStudioVersion = 17.13.35931.197 d17.13
MinimumVisualStudioVersion = 10.0.40219.1
Project("{FAE04EC0-301F-11D3-BF4B-00C04F79EFBC}") = "APIClub", "APIClub.csproj", "{9939DD4D-A4B6-751A-C52A-F3067EEDF9CB}"
EndProject
Global
	GlobalSection(SolutionConfigurationPlatforms) = preSolution
		Debug|Any CPU = Debug|Any CPU
		Release|Any CPU = Release|Any CPU
	EndGlobalSection
	GlobalSection(ProjectConfigurationPlatforms) = postSolution
		{9939DD4D-A4B6-751A-C52A-F3067EEDF9CB}.Debug|Any CPU.ActiveCfg = Debug|Any CPU
		{9939DD4D-A4B6-751A-C52A-F3067EEDF9CB}.Debug|Any CPU.Build.0 = Debug|Any CPU
		{9939DD4D-A4B6-751A-C52A-F3067EEDF9CB}.Release|Any CPU.ActiveCfg = Release|Any CPU
		{9939DD4D-A4B6-751A-C52A-F3067EEDF9CB}.Release|Any CPU.Build.0 = Release|Any CPU
	EndGlobalSection
	GlobalSection(SolutionProperties) = preSolution
		HideSolutionNode = FALSE
	EndGlobalSection
	GlobalSection(ExtensibilityGlobals) = postSolution
		SolutionGuid = {5E6B6BF7-5C2C-4C2A-8E1C-39E9D5FDCD6E}
	EndGlobalSection
EndGlobal
